{
  "version": 4,
  "terraform_version": "1.11.4",
  "serial": 3,
  "lineage": "5a632530-c465-f3df-541e-b04c3ed23efb",
  "outputs": {
    "artifact_path": {
      "value": "/Users/shashank.murthy/Projects/Personal/terramate-terragrunt-terraform-demo/.artifacts/demo-dev-app-layer.json",
      "type": "string"
    },
    "id": {
      "value": "demo-dev-app-layer",
      "type": "string"
    },
    "stack_metadata": {
      "value": {
        "account_name": "shared",
        "aws_region": "us-east-1",
        "environment": "dev",
        "tenancy": "multi-tenant"
      },
      "type": [
        "object",
        {
          "account_name": "string",
          "aws_region": "string",
          "environment": "string",
          "tenancy": "string"
        }
      ]
    },
    "stack_path": {
      "value": "live/shared/us-east-1/dev/app-layer",
      "type": "string"
    },
    "summary": {
      "value": {
        "artifact_path": "/Users/shashank.murthy/Projects/Personal/terramate-terragrunt-terraform-demo/.artifacts/demo-dev-app-layer.json",
        "id": "demo-dev-app-layer",
        "token": "tgix4e490ypg"
      },
      "type": [
        "object",
        {
          "artifact_path": "string",
          "id": "string",
          "token": "string"
        }
      ]
    },
    "tags": {
      "value": {
        "account": "shared",
        "component": "app-layer",
        "environment": "dev",
        "iac:name": "terraform+terragrunt+terramate",
        "managed:via:project": "terramate-terragrunt-terraform-demo",
        "managed_by": "terragrunt+terramate",
        "owner:team": "platform",
        "owner:team:email": "devops@example.com",
        "project": "demo",
        "region": "us-east-1",
        "tenancy": "multi-tenant"
      },
      "type": [
        "object",
        {
          "account": "string",
          "component": "string",
          "environment": "string",
          "iac:name": "string",
          "managed:via:project": "string",
          "managed_by": "string",
          "owner:team": "string",
          "owner:team:email": "string",
          "project": "string",
          "region": "string",
          "tenancy": "string"
        }
      ]
    },
    "token": {
      "value": "tgix4e490ypg",
      "type": "string"
    }
  },
  "resources": [
    {
      "mode": "managed",
      "type": "local_file",
      "name": "artifact",
      "provider": "provider[\"registry.terraform.io/hashicorp/local\"]",
      "instances": [
        {
          "schema_version": 0,
          "attributes": {
            "content": "{\"id\":\"demo-dev-app-layer\",\"tags\":{\"account\":\"shared\",\"component\":\"app-layer\",\"environment\":\"dev\",\"iac:name\":\"terraform+terragrunt+terramate\",\"managed:via:project\":\"terramate-terragrunt-terraform-demo\",\"managed_by\":\"terragrunt+terramate\",\"owner:team\":\"platform\",\"owner:team:email\":\"devops@example.com\",\"project\":\"demo\",\"region\":\"us-east-1\",\"tenancy\":\"multi-tenant\"},\"token\":\"tgix4e490ypg\",\"upstream\":{\"platform\":{\"artifact_path\":\"/Users/shashank.murthy/Projects/Personal/terramate-terragrunt-terraform-demo/.artifacts/demo-dev-platform.json\",\"id\":\"demo-dev-platform\",\"token\":\"h7u2h7sponuh\"}}}",
            "content_base64": null,
            "content_base64sha256": "NFDN+fSTbT206Vg3bJI+3uIy2cYqazTbdFbakznJg7c=",
            "content_base64sha512": "zf1l9NcAltXP6eqnsW+KqGaL5YRQ2ZHqrvpZx1NlMcbX5IOzwZ6eZsn8hedSJPUB0hikw1jH69PS3jpd84nmuA==",
            "content_md5": "b730f59de025ec8a03a4bae951db14c2",
            "content_sha1": "308403c805f6ed271336df73729584e14ffb252e",
            "content_sha256": "3450cdf9f4936d3db4e958376c923edee232d9c62a6b34db7456da9339c983b7",
            "content_sha512": "cdfd65f4d70096d5cfe9eaa7b16f8aa8668be58450d991eaaefa59c7536531c6d7e483b3c19e9e66c9fc85e75224f501d218a4c358c7ebd3d2de3a5df389e6b8",
            "directory_permission": "0777",
            "file_permission": "0777",
            "filename": "/Users/shashank.murthy/Projects/Personal/terramate-terragrunt-terraform-demo/.artifacts/demo-dev-app-layer.json",
            "id": "308403c805f6ed271336df73729584e14ffb252e",
            "sensitive_content": null,
            "source": null
          },
          "sensitive_attributes": [
            [
              {
                "type": "get_attr",
                "value": "sensitive_content"
              }
            ]
          ],
          "dependencies": [
            "random_string.token"
          ]
        }
      ]
    },
    {
      "mode": "managed",
      "type": "random_string",
      "name": "token",
      "provider": "provider[\"registry.terraform.io/hashicorp/random\"]",
      "instances": [
        {
          "schema_version": 2,
          "attributes": {
            "id": "tgix4e490ypg",
            "keepers": {
              "id": "demo-dev-app-layer"
            },
            "length": 12,
            "lower": true,
            "min_lower": 0,
            "min_numeric": 0,
            "min_special": 0,
            "min_upper": 0,
            "number": true,
            "numeric": true,
            "override_special": null,
            "result": "tgix4e490ypg",
            "special": false,
            "upper": false
          },
          "sensitive_attributes": []
        }
      ]
    }
  ],
  "check_results": null
}
