{
  "version": 4,
  "terraform_version": "1.11.4",
  "serial": 7,
  "lineage": "6906650f-f0df-9e49-f0a5-a4daa680a32b",
  "outputs": {
    "artifact_path": {
      "value": ".artifacts/demo-dev-platform.json",
      "type": "string"
    },
    "id": {
      "value": "demo-dev-platform",
      "type": "string"
    },
    "stack_metadata": {
      "value": {
        "account_name": "shared",
        "aws_region": "us-east-1",
        "environment": "dev",
        "tenancy": "multi-tenant"
      },
      "type": [
        "object",
        {
          "account_name": "string",
          "aws_region": "string",
          "environment": "string",
          "tenancy": "string"
        }
      ]
    },
    "stack_path": {
      "value": "live/shared/us-east-1/dev/platform",
      "type": "string"
    },
    "summary": {
      "value": {
        "artifact_path": ".artifacts/demo-dev-platform.json",
        "id": "demo-dev-platform",
        "token": "h7u2h7sponuh"
      },
      "type": [
        "object",
        {
          "artifact_path": "string",
          "id": "string",
          "token": "string"
        }
      ]
    },
    "tags": {
      "value": {
        "account": "shared",
        "component": "platform",
        "environment": "dev",
        "iac:name": "terraform+terragrunt+terramate",
        "managed:via:project": "terramate-terragrunt-terraform-demo",
        "managed_by": "terragrunt+terramate",
        "owner:team": "platform",
        "owner:team:email": "devops@example.com",
        "project": "demo",
        "region": "us-east-1",
        "tenancy": "multi-tenant"
      },
      "type": [
        "object",
        {
          "account": "string",
          "component": "string",
          "environment": "string",
          "iac:name": "string",
          "managed:via:project": "string",
          "managed_by": "string",
          "owner:team": "string",
          "owner:team:email": "string",
          "project": "string",
          "region": "string",
          "tenancy": "string"
        }
      ]
    },
    "token": {
      "value": "h7u2h7sponuh",
      "type": "string"
    }
  },
  "resources": [
    {
      "mode": "managed",
      "type": "random_string",
      "name": "token",
      "provider": "provider[\"registry.terraform.io/hashicorp/random\"]",
      "instances": [
        {
          "schema_version": 2,
          "attributes": {
            "id": "h7u2h7sponuh",
            "keepers": {
              "id": "demo-dev-platform"
            },
            "length": 12,
            "lower": true,
            "min_lower": 0,
            "min_numeric": 0,
            "min_special": 0,
            "min_upper": 0,
            "number": true,
            "numeric": true,
            "override_special": null,
            "result": "h7u2h7sponuh",
            "special": false,
            "upper": false
          },
          "sensitive_attributes": []
        }
      ]
    }
  ],
  "check_results": null
}
