{
  "version": 4,
  "terraform_version": "1.11.4",
  "serial": 3,
  "lineage": "6906650f-f0df-9e49-f0a5-a4daa680a32b",
  "outputs": {
    "artifact_path": {
      "value": ".artifacts/demo-dev-platform.json",
      "type": "string"
    },
    "id": {
      "value": "demo-dev-platform",
      "type": "string"
    },
    "stack_metadata": {
      "value": {
        "account_name": "shared",
        "aws_region": "us-east-1",
        "environment": "dev",
        "tenancy": "multi-tenant"
      },
      "type": [
        "object",
        {
          "account_name": "string",
          "aws_region": "string",
          "environment": "string",
          "tenancy": "string"
        }
      ]
    },
    "stack_path": {
      "value": "live/shared/us-east-1/dev/platform",
      "type": "string"
    },
    "summary": {
      "value": {
        "artifact_path": ".artifacts/demo-dev-platform.json",
        "id": "demo-dev-platform",
        "token": "h7u2h7sponuh"
      },
      "type": [
        "object",
        {
          "artifact_path": "string",
          "id": "string",
          "token": "string"
        }
      ]
    },
    "tags": {
      "value": {
        "account": "shared",
        "component": "platform",
        "environment": "dev",
        "iac:name": "terraform+terragrunt+terramate",
        "managed:via:project": "terramate-terragrunt-terraform-demo",
        "managed_by": "terragrunt+terramate",
        "owner:team": "platform",
        "owner:team:email": "devops@example.com",
        "project": "demo",
        "region": "us-east-1",
        "tenancy": "multi-tenant"
      },
      "type": [
        "object",
        {
          "account": "string",
          "component": "string",
          "environment": "string",
          "iac:name": "string",
          "managed:via:project": "string",
          "managed_by": "string",
          "owner:team": "string",
          "owner:team:email": "string",
          "project": "string",
          "region": "string",
          "tenancy": "string"
        }
      ]
    },
    "token": {
      "value": "h7u2h7sponuh",
      "type": "string"
    }
  },
  "resources": [
    {
      "mode": "managed",
      "type": "local_file",
      "name": "artifact",
      "provider": "provider[\"registry.terraform.io/hashicorp/local\"]",
      "instances": [
        {
          "schema_version": 0,
          "attributes": {
            "content": "{\"id\":\"demo-dev-platform\",\"tags\":{\"account\":\"shared\",\"component\":\"platform\",\"environment\":\"dev\",\"iac:name\":\"terraform+terragrunt+terramate\",\"managed:via:project\":\"terramate-terragrunt-terraform-demo\",\"managed_by\":\"terragrunt+terramate\",\"owner:team\":\"platform\",\"owner:team:email\":\"devops@example.com\",\"project\":\"demo\",\"region\":\"us-east-1\",\"tenancy\":\"multi-tenant\"},\"token\":\"h7u2h7sponuh\",\"upstream\":{}}",
            "content_base64": null,
            "content_base64sha256": "4vR+EZxpfkZCl9+BaiExAXEyfthFirzYdM+eXsmy1Nw=",
            "content_base64sha512": "Ofpl3jcn8cZGQz3+8LisRkqsBnPPX+cxJw7y99oi1fXZwkuKMovrQE83pbWOQfXSOK+/unAPjYfpfjipo4iyhQ==",
            "content_md5": "9217a45b24639b90efc941f74bb76e69",
            "content_sha1": "1bc64310476b5682b3f93713a9d8c5a6b9a24eba",
            "content_sha256": "e2f47e119c697e464297df816a21310171327ed8458abcd874cf9e5ec9b2d4dc",
            "content_sha512": "39fa65de3727f1c646433dfef0b8ac464aac0673cf5fe731270ef2f7da22d5f5d9c24b8a328beb404f37a5b58e41f5d238afbfba700f8d87e97e38a9a388b285",
            "directory_permission": "0777",
            "file_permission": "0777",
            "filename": ".artifacts/demo-dev-platform.json",
            "id": "1bc64310476b5682b3f93713a9d8c5a6b9a24eba",
            "sensitive_content": null,
            "source": null
          },
          "sensitive_attributes": [
            [
              {
                "type": "get_attr",
                "value": "sensitive_content"
              }
            ]
          ],
          "dependencies": [
            "random_string.token"
          ]
        }
      ]
    },
    {
      "mode": "managed",
      "type": "random_string",
      "name": "token",
      "provider": "provider[\"registry.terraform.io/hashicorp/random\"]",
      "instances": [
        {
          "schema_version": 2,
          "attributes": {
            "id": "h7u2h7sponuh",
            "keepers": {
              "id": "demo-dev-platform"
            },
            "length": 12,
            "lower": true,
            "min_lower": 0,
            "min_numeric": 0,
            "min_special": 0,
            "min_upper": 0,
            "number": true,
            "numeric": true,
            "override_special": null,
            "result": "h7u2h7sponuh",
            "special": false,
            "upper": false
          },
          "sensitive_attributes": []
        }
      ]
    }
  ],
  "check_results": null
}
