{
  "version": 4,
  "terraform_version": "1.11.4",
  "serial": 7,
  "lineage": "3a88e6bd-186c-27ed-66c8-9c635962eb8d",
  "outputs": {
    "artifact_path": {
      "value": ".artifacts/demo-acme-dev-tenant-instance.json",
      "type": "string"
    },
    "id": {
      "value": "demo-acme-dev-tenant-instance",
      "type": "string"
    },
    "stack_metadata": {
      "value": {
        "account_name": "acme",
        "aws_region": "us-east-1",
        "environment": "dev",
        "tenancy": "single-tenant"
      },
      "type": [
        "object",
        {
          "account_name": "string",
          "aws_region": "string",
          "environment": "string",
          "tenancy": "string"
        }
      ]
    },
    "stack_path": {
      "value": "live/dedicated/acme/us-east-1/dev/tenant-instance",
      "type": "string"
    },
    "summary": {
      "value": {
        "artifact_path": ".artifacts/demo-acme-dev-tenant-instance.json",
        "id": "demo-acme-dev-tenant-instance",
        "token": "9axpvg6wy6t0"
      },
      "type": [
        "object",
        {
          "artifact_path": "string",
          "id": "string",
          "token": "string"
        }
      ]
    },
    "tags": {
      "value": {
        "account": "acme",
        "component": "tenant-instance",
        "customer": "acme",
        "environment": "dev",
        "iac:name": "terraform+terragrunt+terramate",
        "managed:via:project": "terramate-terragrunt-terraform-demo",
        "managed_by": "terragrunt+terramate",
        "owner:team": "platform",
        "owner:team:email": "devops@example.com",
        "project": "demo",
        "region": "us-east-1",
        "tenancy": "single-tenant",
        "tenant_id": "acme"
      },
      "type": [
        "object",
        {
          "account": "string",
          "component": "string",
          "customer": "string",
          "environment": "string",
          "iac:name": "string",
          "managed:via:project": "string",
          "managed_by": "string",
          "owner:team": "string",
          "owner:team:email": "string",
          "project": "string",
          "region": "string",
          "tenancy": "string",
          "tenant_id": "string"
        }
      ]
    },
    "token": {
      "value": "9axpvg6wy6t0",
      "type": "string"
    }
  },
  "resources": [
    {
      "mode": "managed",
      "type": "random_string",
      "name": "token",
      "provider": "provider[\"registry.terraform.io/hashicorp/random\"]",
      "instances": [
        {
          "schema_version": 2,
          "attributes": {
            "id": "9axpvg6wy6t0",
            "keepers": {
              "id": "demo-acme-dev-tenant-instance"
            },
            "length": 12,
            "lower": true,
            "min_lower": 0,
            "min_numeric": 0,
            "min_special": 0,
            "min_upper": 0,
            "number": true,
            "numeric": true,
            "override_special": null,
            "result": "9axpvg6wy6t0",
            "special": false,
            "upper": false
          },
          "sensitive_attributes": []
        }
      ]
    }
  ],
  "check_results": null
}
