{
  "version": 4,
  "terraform_version": "1.11.4",
  "serial": 3,
  "lineage": "3a88e6bd-186c-27ed-66c8-9c635962eb8d",
  "outputs": {
    "artifact_path": {
      "value": "/Users/shashank.murthy/Projects/Personal/terramate-terragrunt-terraform-demo/.artifacts/demo-acme-dev-tenant-instance.json",
      "type": "string"
    },
    "id": {
      "value": "demo-acme-dev-tenant-instance",
      "type": "string"
    },
    "stack_metadata": {
      "value": {
        "account_name": "acme",
        "aws_region": "us-east-1",
        "environment": "dev",
        "tenancy": "single-tenant"
      },
      "type": [
        "object",
        {
          "account_name": "string",
          "aws_region": "string",
          "environment": "string",
          "tenancy": "string"
        }
      ]
    },
    "stack_path": {
      "value": "live/dedicated/acme/us-east-1/dev/tenant-instance",
      "type": "string"
    },
    "summary": {
      "value": {
        "artifact_path": "/Users/shashank.murthy/Projects/Personal/terramate-terragrunt-terraform-demo/.artifacts/demo-acme-dev-tenant-instance.json",
        "id": "demo-acme-dev-tenant-instance",
        "token": "9axpvg6wy6t0"
      },
      "type": [
        "object",
        {
          "artifact_path": "string",
          "id": "string",
          "token": "string"
        }
      ]
    },
    "tags": {
      "value": {
        "account": "acme",
        "component": "tenant-instance",
        "customer": "acme",
        "environment": "dev",
        "iac:name": "terraform+terragrunt+terramate",
        "managed:via:project": "terramate-terragrunt-terraform-demo",
        "managed_by": "terragrunt+terramate",
        "owner:team": "platform",
        "owner:team:email": "devops@example.com",
        "project": "demo",
        "region": "us-east-1",
        "tenancy": "single-tenant",
        "tenant_id": "acme"
      },
      "type": [
        "object",
        {
          "account": "string",
          "component": "string",
          "customer": "string",
          "environment": "string",
          "iac:name": "string",
          "managed:via:project": "string",
          "managed_by": "string",
          "owner:team": "string",
          "owner:team:email": "string",
          "project": "string",
          "region": "string",
          "tenancy": "string",
          "tenant_id": "string"
        }
      ]
    },
    "token": {
      "value": "9axpvg6wy6t0",
      "type": "string"
    }
  },
  "resources": [
    {
      "mode": "managed",
      "type": "local_file",
      "name": "artifact",
      "provider": "provider[\"registry.terraform.io/hashicorp/local\"]",
      "instances": [
        {
          "schema_version": 0,
          "attributes": {
            "content": "{\"id\":\"demo-acme-dev-tenant-instance\",\"tags\":{\"account\":\"acme\",\"component\":\"tenant-instance\",\"customer\":\"acme\",\"environment\":\"dev\",\"iac:name\":\"terraform+terragrunt+terramate\",\"managed:via:project\":\"terramate-terragrunt-terraform-demo\",\"managed_by\":\"terragrunt+terramate\",\"owner:team\":\"platform\",\"owner:team:email\":\"devops@example.com\",\"project\":\"demo\",\"region\":\"us-east-1\",\"tenancy\":\"single-tenant\",\"tenant_id\":\"acme\"},\"token\":\"9axpvg6wy6t0\",\"upstream\":{}}",
            "content_base64": null,
            "content_base64sha256": "1DC09N2hx2eoJGsdkdsdopT0g4EyxUVZreJNvIg6uf4=",
            "content_base64sha512": "MgVpTRq4rpfVOGHTbTBefMc/0n/AL9CHSclzH/hkyqTPzau4ygo7n7rz55Z0rA3xd10DgrjXJ23eTNG55XDhuw==",
            "content_md5": "c5459e49b8697c1ff8757e96d0824969",
            "content_sha1": "b2ca3c77c69b29a24a23a99a4c35ca2ad3a4d98f",
            "content_sha256": "d430b4f4dda1c767a8246b1d91db1da294f4838132c54559ade24dbc883ab9fe",
            "content_sha512": "3205694d1ab8ae97d53861d36d305e7cc73fd27fc02fd08749c9731ff864caa4cfcdabb8ca0a3b9fbaf3e79674ac0df1775d0382b8d7276dde4cd1b9e570e1bb",
            "directory_permission": "0777",
            "file_permission": "0777",
            "filename": "/Users/shashank.murthy/Projects/Personal/terramate-terragrunt-terraform-demo/.artifacts/demo-acme-dev-tenant-instance.json",
            "id": "b2ca3c77c69b29a24a23a99a4c35ca2ad3a4d98f",
            "sensitive_content": null,
            "source": null
          },
          "sensitive_attributes": [
            [
              {
                "type": "get_attr",
                "value": "sensitive_content"
              }
            ]
          ],
          "dependencies": [
            "random_string.token"
          ]
        }
      ]
    },
    {
      "mode": "managed",
      "type": "random_string",
      "name": "token",
      "provider": "provider[\"registry.terraform.io/hashicorp/random\"]",
      "instances": [
        {
          "schema_version": 2,
          "attributes": {
            "id": "9axpvg6wy6t0",
            "keepers": {
              "id": "demo-acme-dev-tenant-instance"
            },
            "length": 12,
            "lower": true,
            "min_lower": 0,
            "min_numeric": 0,
            "min_special": 0,
            "min_upper": 0,
            "number": true,
            "numeric": true,
            "override_special": null,
            "result": "9axpvg6wy6t0",
            "special": false,
            "upper": false
          },
          "sensitive_attributes": []
        }
      ]
    }
  ],
  "check_results": null
}
