{
  "version": 4,
  "terraform_version": "1.11.4",
  "serial": 12,
  "lineage": "cce29e0d-ae97-a283-3ec6-e2e197b2a0e1",
  "outputs": {
    "artifact_path": {
      "value": ".artifacts/demo-dev-analytics.json",
      "type": "string"
    },
    "id": {
      "value": "demo-dev-analytics",
      "type": "string"
    },
    "stack_metadata": {
      "value": {
        "account_name": "shared",
        "aws_region": "us-east-1",
        "environment": "dev",
        "tenancy": "multi-tenant"
      },
      "type": [
        "object",
        {
          "account_name": "string",
          "aws_region": "string",
          "environment": "string",
          "tenancy": "string"
        }
      ]
    },
    "stack_path": {
      "value": "live/shared/us-east-1/dev/analytics",
      "type": "string"
    },
    "summary": {
      "value": {
        "id": "demo-dev-analytics",
        "token": "3ar9iutu60ua",
        "artifact_path": ".artifacts/demo-dev-analytics.json",
        "tags": {
          "account": "shared",
          "component": "analytics",
          "environment": "dev",
          "iac:name": "terraform+terragrunt+terramate",
          "managed:via:project": "terramate-terragrunt-terraform-demo",
          "managed_by": "terragrunt+terramate",
          "owner:team": "platform",
          "owner:team:email": "devops@example.com",
          "project": "demo",
          "region": "us-east-1",
          "tenancy": "multi-tenant"
        },
        "contract_version": null
      },
      "type": [
        "object",
        {
          "artifact_path": "string",
          "id": "string",
          "token": "string",
          "tags": [
            "map",
            "string"
          ],
          "contract_version": "string"
        }
      ]
    },
    "tags": {
      "value": {
        "account": "shared",
        "component": "analytics",
        "environment": "dev",
        "iac:name": "terraform+terragrunt+terramate",
        "managed:via:project": "terramate-terragrunt-terraform-demo",
        "managed_by": "terragrunt+terramate",
        "owner:team": "platform",
        "owner:team:email": "devops@example.com",
        "project": "demo",
        "region": "us-east-1",
        "tenancy": "multi-tenant"
      },
      "type": [
        "object",
        {
          "account": "string",
          "component": "string",
          "environment": "string",
          "iac:name": "string",
          "managed:via:project": "string",
          "managed_by": "string",
          "owner:team": "string",
          "owner:team:email": "string",
          "project": "string",
          "region": "string",
          "tenancy": "string"
        }
      ]
    },
    "token": {
      "value": "3ar9iutu60ua",
      "type": "string"
    },
    "upstream_chain": {
      "value": [
        {
          "artifact_path": ".artifacts/demo-dev-app-layer.json",
          "contract_version": null,
          "id": "demo-dev-app-layer",
          "tags": {
            "account": "shared",
            "component": "app-layer",
            "environment": "dev",
            "iac:name": "terraform+terragrunt+terramate",
            "managed:via:project": "terramate-terragrunt-terraform-demo",
            "managed_by": "terragrunt+terramate",
            "owner:team": "platform",
            "owner:team:email": "devops@example.com",
            "project": "demo",
            "region": "us-east-1",
            "tenancy": "multi-tenant"
          },
          "token": "tgix4e490ypg"
        },
        {
          "artifact_path": ".artifacts/demo-dev-platform.json",
          "contract_version": "2024-06",
          "id": "demo-dev-platform",
          "tags": {
            "account": "shared",
            "component": "platform",
            "environment": "dev",
            "iac:name": "terraform+terragrunt+terramate",
            "managed:via:project": "terramate-terragrunt-terraform-demo",
            "managed_by": "terragrunt+terramate",
            "owner:team": "platform",
            "owner:team:email": "devops@example.com",
            "project": "demo",
            "region": "us-east-1",
            "tenancy": "multi-tenant"
          },
          "token": "h7u2h7sponuh"
        }
      ],
      "type": [
        "list",
        [
          "object",
          {
            "artifact_path": "string",
            "contract_version": "string",
            "id": "string",
            "tags": [
              "map",
              "string"
            ],
            "token": "string"
          }
        ]
      ]
    }
  },
  "resources": [
    {
      "mode": "managed",
      "type": "random_string",
      "name": "token",
      "provider": "provider[\"registry.terraform.io/hashicorp/random\"]",
      "instances": [
        {
          "schema_version": 2,
          "attributes": {
            "id": "3ar9iutu60ua",
            "keepers": {
              "id": "demo-dev-analytics"
            },
            "length": 12,
            "lower": true,
            "min_lower": 0,
            "min_numeric": 0,
            "min_special": 0,
            "min_upper": 0,
            "number": true,
            "numeric": true,
            "override_special": null,
            "result": "3ar9iutu60ua",
            "special": false,
            "upper": false
          },
          "sensitive_attributes": []
        }
      ]
    }
  ],
  "check_results": null
}
