{
  "version": 4,
  "terraform_version": "1.11.4",
  "serial": 3,
  "lineage": "cce29e0d-ae97-a283-3ec6-e2e197b2a0e1",
  "outputs": {
    "artifact_path": {
      "value": ".artifacts/demo-dev-analytics.json",
      "type": "string"
    },
    "id": {
      "value": "demo-dev-analytics",
      "type": "string"
    },
    "stack_metadata": {
      "value": {
        "account_name": "shared",
        "aws_region": "us-east-1",
        "environment": "dev",
        "tenancy": "multi-tenant"
      },
      "type": [
        "object",
        {
          "account_name": "string",
          "aws_region": "string",
          "environment": "string",
          "tenancy": "string"
        }
      ]
    },
    "stack_path": {
      "value": "live/shared/us-east-1/dev/analytics",
      "type": "string"
    },
    "summary": {
      "value": {
        "artifact_path": ".artifacts/demo-dev-analytics.json",
        "id": "demo-dev-analytics",
        "token": "3ar9iutu60ua"
      },
      "type": [
        "object",
        {
          "artifact_path": "string",
          "id": "string",
          "token": "string"
        }
      ]
    },
    "tags": {
      "value": {
        "account": "shared",
        "component": "analytics",
        "environment": "dev",
        "iac:name": "terraform+terragrunt+terramate",
        "managed:via:project": "terramate-terragrunt-terraform-demo",
        "managed_by": "terragrunt+terramate",
        "owner:team": "platform",
        "owner:team:email": "devops@example.com",
        "project": "demo",
        "region": "us-east-1",
        "tenancy": "multi-tenant"
      },
      "type": [
        "object",
        {
          "account": "string",
          "component": "string",
          "environment": "string",
          "iac:name": "string",
          "managed:via:project": "string",
          "managed_by": "string",
          "owner:team": "string",
          "owner:team:email": "string",
          "project": "string",
          "region": "string",
          "tenancy": "string"
        }
      ]
    },
    "token": {
      "value": "3ar9iutu60ua",
      "type": "string"
    }
  },
  "resources": [
    {
      "mode": "managed",
      "type": "local_file",
      "name": "artifact",
      "provider": "provider[\"registry.terraform.io/hashicorp/local\"]",
      "instances": [
        {
          "schema_version": 0,
          "attributes": {
            "content": "{\"id\":\"demo-dev-analytics\",\"tags\":{\"account\":\"shared\",\"component\":\"analytics\",\"environment\":\"dev\",\"iac:name\":\"terraform+terragrunt+terramate\",\"managed:via:project\":\"terramate-terragrunt-terraform-demo\",\"managed_by\":\"terragrunt+terramate\",\"owner:team\":\"platform\",\"owner:team:email\":\"devops@example.com\",\"project\":\"demo\",\"region\":\"us-east-1\",\"tenancy\":\"multi-tenant\"},\"token\":\"3ar9iutu60ua\",\"upstream\":{\"app_layer\":{\"artifact_path\":\".artifacts/demo-dev-app-layer.json\",\"id\":\"demo-dev-app-layer\",\"token\":\"tgix4e490ypg\"}}}",
            "content_base64": null,
            "content_base64sha256": "K49sJCd8K+iVJ3/R08O+pQZ9qeGwl2VlCx2xQFpXboE=",
            "content_base64sha512": "eThcWfdhgsDaZ3bj1tyz0zoD+kQaCwsfNiXMRs4QCuQRDtjMqmxJhPn7AIn0B59JzgnRlIHzss8Q/yKZTudb1g==",
            "content_md5": "dcfb1332fe371696832387825581a66a",
            "content_sha1": "91508e0cbfabe054f973715c0662cfffb8d9f4d5",
            "content_sha256": "2b8f6c24277c2be895277fd1d3c3bea5067da9e1b09765650b1db1405a576e81",
            "content_sha512": "79385c59f76182c0da6776e3d6dcb3d33a03fa441a0b0b1f3625cc46ce100ae4110ed8ccaa6c4984f9fb0089f4079f49ce09d19481f3b2cf10ff22994ee75bd6",
            "directory_permission": "0777",
            "file_permission": "0777",
            "filename": ".artifacts/demo-dev-analytics.json",
            "id": "91508e0cbfabe054f973715c0662cfffb8d9f4d5",
            "sensitive_content": null,
            "source": null
          },
          "sensitive_attributes": [
            [
              {
                "type": "get_attr",
                "value": "sensitive_content"
              }
            ]
          ],
          "dependencies": [
            "random_string.token"
          ]
        }
      ]
    },
    {
      "mode": "managed",
      "type": "random_string",
      "name": "token",
      "provider": "provider[\"registry.terraform.io/hashicorp/random\"]",
      "instances": [
        {
          "schema_version": 2,
          "attributes": {
            "id": "3ar9iutu60ua",
            "keepers": {
              "id": "demo-dev-analytics"
            },
            "length": 12,
            "lower": true,
            "min_lower": 0,
            "min_numeric": 0,
            "min_special": 0,
            "min_upper": 0,
            "number": true,
            "numeric": true,
            "override_special": null,
            "result": "3ar9iutu60ua",
            "special": false,
            "upper": false
          },
          "sensitive_attributes": []
        }
      ]
    }
  ],
  "check_results": null
}
