{
  "version": 4,
  "terraform_version": "1.11.4",
  "serial": 3,
  "lineage": "7c49f327-6983-4585-32d3-9799819bad93",
  "outputs": {
    "artifact_path": {
      "value": "/Users/shashank.murthy/Projects/Personal/terramate-terragrunt-terraform-demo/.artifacts/demo-initech-dev-tenant-instance.json",
      "type": "string"
    },
    "id": {
      "value": "demo-initech-dev-tenant-instance",
      "type": "string"
    },
    "stack_metadata": {
      "value": {
        "account_name": "initech",
        "aws_region": "us-east-1",
        "environment": "dev",
        "tenancy": "single-tenant"
      },
      "type": [
        "object",
        {
          "account_name": "string",
          "aws_region": "string",
          "environment": "string",
          "tenancy": "string"
        }
      ]
    },
    "stack_path": {
      "value": "live/dedicated/initech/us-east-1/dev/tenant-instance",
      "type": "string"
    },
    "summary": {
      "value": {
        "artifact_path": "/Users/shashank.murthy/Projects/Personal/terramate-terragrunt-terraform-demo/.artifacts/demo-initech-dev-tenant-instance.json",
        "id": "demo-initech-dev-tenant-instance",
        "token": "bnmbzjbgado9"
      },
      "type": [
        "object",
        {
          "artifact_path": "string",
          "id": "string",
          "token": "string"
        }
      ]
    },
    "tags": {
      "value": {
        "account": "initech",
        "component": "tenant-instance",
        "customer": "initech",
        "environment": "dev",
        "iac:name": "terraform+terragrunt+terramate",
        "managed:via:project": "terramate-terragrunt-terraform-demo",
        "managed_by": "terragrunt+terramate",
        "owner:team": "platform",
        "owner:team:email": "devops@example.com",
        "project": "demo",
        "region": "us-east-1",
        "tenancy": "single-tenant",
        "tenant_id": "initech"
      },
      "type": [
        "object",
        {
          "account": "string",
          "component": "string",
          "customer": "string",
          "environment": "string",
          "iac:name": "string",
          "managed:via:project": "string",
          "managed_by": "string",
          "owner:team": "string",
          "owner:team:email": "string",
          "project": "string",
          "region": "string",
          "tenancy": "string",
          "tenant_id": "string"
        }
      ]
    },
    "token": {
      "value": "bnmbzjbgado9",
      "type": "string"
    }
  },
  "resources": [
    {
      "mode": "managed",
      "type": "local_file",
      "name": "artifact",
      "provider": "provider[\"registry.terraform.io/hashicorp/local\"]",
      "instances": [
        {
          "schema_version": 0,
          "attributes": {
            "content": "{\"id\":\"demo-initech-dev-tenant-instance\",\"tags\":{\"account\":\"initech\",\"component\":\"tenant-instance\",\"customer\":\"initech\",\"environment\":\"dev\",\"iac:name\":\"terraform+terragrunt+terramate\",\"managed:via:project\":\"terramate-terragrunt-terraform-demo\",\"managed_by\":\"terragrunt+terramate\",\"owner:team\":\"platform\",\"owner:team:email\":\"devops@example.com\",\"project\":\"demo\",\"region\":\"us-east-1\",\"tenancy\":\"single-tenant\",\"tenant_id\":\"initech\"},\"token\":\"bnmbzjbgado9\",\"upstream\":{}}",
            "content_base64": null,
            "content_base64sha256": "Y7VcQYPyREjlhPpT6Sv1P0hGpif7ynEGWfmJzqyV+SY=",
            "content_base64sha512": "/rQy5m1tl8scDH0lxZcsbLid4ZBAOTdC65rvEFF5sDOthdQ0Ry8lajH5tRwWrPS94qtGHVWinlnYijZF12qo8A==",
            "content_md5": "ce9d6b815a5fa21e9d689ec81ecc81da",
            "content_sha1": "b8e620b634315b3d75515270c46f9e35881330a2",
            "content_sha256": "63b55c4183f24448e584fa53e92bf53f4846a627fbca710659f989ceac95f926",
            "content_sha512": "feb432e66d6d97cb1c0c7d25c5972c6cb89de19040393742eb9aef105179b033ad85d434472f256a31f9b51c16acf4bde2ab461d55a29e59d88a3645d76aa8f0",
            "directory_permission": "0777",
            "file_permission": "0777",
            "filename": "/Users/shashank.murthy/Projects/Personal/terramate-terragrunt-terraform-demo/.artifacts/demo-initech-dev-tenant-instance.json",
            "id": "b8e620b634315b3d75515270c46f9e35881330a2",
            "sensitive_content": null,
            "source": null
          },
          "sensitive_attributes": [
            [
              {
                "type": "get_attr",
                "value": "sensitive_content"
              }
            ]
          ],
          "dependencies": [
            "random_string.token"
          ]
        }
      ]
    },
    {
      "mode": "managed",
      "type": "random_string",
      "name": "token",
      "provider": "provider[\"registry.terraform.io/hashicorp/random\"]",
      "instances": [
        {
          "schema_version": 2,
          "attributes": {
            "id": "bnmbzjbgado9",
            "keepers": {
              "id": "demo-initech-dev-tenant-instance"
            },
            "length": 12,
            "lower": true,
            "min_lower": 0,
            "min_numeric": 0,
            "min_special": 0,
            "min_upper": 0,
            "number": true,
            "numeric": true,
            "override_special": null,
            "result": "bnmbzjbgado9",
            "special": false,
            "upper": false
          },
          "sensitive_attributes": []
        }
      ]
    }
  ],
  "check_results": null
}
