{
  "version": 4,
  "terraform_version": "1.11.4",
  "serial": 11,
  "lineage": "7c49f327-6983-4585-32d3-9799819bad93",
  "outputs": {
    "artifact_path": {
      "value": ".artifacts/demo-initech-dev-tenant-instance.json",
      "type": "string"
    },
    "id": {
      "value": "demo-initech-dev-tenant-instance",
      "type": "string"
    },
    "stack_metadata": {
      "value": {
        "account_name": "initech",
        "aws_region": "us-east-1",
        "environment": "dev",
        "tenancy": "single-tenant"
      },
      "type": [
        "object",
        {
          "account_name": "string",
          "aws_region": "string",
          "environment": "string",
          "tenancy": "string"
        }
      ]
    },
    "stack_path": {
      "value": "live/dedicated/initech/us-east-1/dev/tenant-instance",
      "type": "string"
    },
    "summary": {
      "value": {
        "id": "demo-initech-dev-tenant-instance",
        "token": "bnmbzjbgado9",
        "artifact_path": ".artifacts/demo-initech-dev-tenant-instance.json",
        "tags": {
          "account": "initech",
          "component": "tenant-instance",
          "customer": "initech",
          "environment": "dev",
          "iac:name": "terraform+terragrunt+terramate",
          "managed:via:project": "terramate-terragrunt-terraform-demo",
          "managed_by": "terragrunt+terramate",
          "owner:team": "platform",
          "owner:team:email": "devops@example.com",
          "project": "demo",
          "region": "us-east-1",
          "tenancy": "single-tenant",
          "tenant_id": "initech"
        },
        "platform_tier": null
      },
      "type": [
        "object",
        {
          "artifact_path": "string",
          "id": "string",
          "token": "string",
          "tags": [
            "map",
            "string"
          ],
          "platform_tier": "string"
        }
      ]
    },
    "tags": {
      "value": {
        "account": "initech",
        "component": "tenant-instance",
        "customer": "initech",
        "environment": "dev",
        "iac:name": "terraform+terragrunt+terramate",
        "managed:via:project": "terramate-terragrunt-terraform-demo",
        "managed_by": "terragrunt+terramate",
        "owner:team": "platform",
        "owner:team:email": "devops@example.com",
        "project": "demo",
        "region": "us-east-1",
        "tenancy": "single-tenant",
        "tenant_id": "initech"
      },
      "type": [
        "object",
        {
          "account": "string",
          "component": "string",
          "customer": "string",
          "environment": "string",
          "iac:name": "string",
          "managed:via:project": "string",
          "managed_by": "string",
          "owner:team": "string",
          "owner:team:email": "string",
          "project": "string",
          "region": "string",
          "tenancy": "string",
          "tenant_id": "string"
        }
      ]
    },
    "token": {
      "value": "bnmbzjbgado9",
      "type": "string"
    },
    "upstream_chain": {
      "value": [],
      "type": [
        "list",
        [
          "object",
          {
            "artifact_path": "string",
            "contract_version": "string",
            "id": "string",
            "tags": [
              "map",
              "string"
            ],
            "token": "string"
          }
        ]
      ]
    }
  },
  "resources": [
    {
      "mode": "managed",
      "type": "random_string",
      "name": "token",
      "provider": "provider[\"registry.terraform.io/hashicorp/random\"]",
      "instances": [
        {
          "schema_version": 2,
          "attributes": {
            "id": "bnmbzjbgado9",
            "keepers": {
              "id": "demo-initech-dev-tenant-instance"
            },
            "length": 12,
            "lower": true,
            "min_lower": 0,
            "min_numeric": 0,
            "min_special": 0,
            "min_upper": 0,
            "number": true,
            "numeric": true,
            "override_special": null,
            "result": "bnmbzjbgado9",
            "special": false,
            "upper": false
          },
          "sensitive_attributes": []
        }
      ]
    }
  ],
  "check_results": null
}
